
Microsoft Visual Studio Solution File, Format Version 12.00
# Visual Studio Version 16
VisualStudioVersion = 16.0.30717.126
MinimumVisualStudioVersion = 10.0.40219.1
Project("{9A19103F-16F7-4668-BE54-9A1E7A4F7556}") = "xxlib", "xxlib\xxlib.csproj", "{11FC325A-0925-469E-BF72-BAA0A5AF8F3F}"
EndProject
Project("{FAE04EC0-301F-11D3-BF4B-00C04F79EFBC}") = "xxlibtest", "xxlibtest\xxlibtest.csproj", "{F7BAC6D3-B71A-4007-994C-58793D439304}"
EndProject
Global
	GlobalSection(SolutionConfigurationPlatforms) = preSolution
		Debug|Any CPU = Debug|Any CPU
		Release|Any CPU = Release|Any CPU
	EndGlobalSection
	GlobalSection(ProjectConfigurationPlatforms) = postSolution
		{11FC325A-0925-469E-BF72-BAA0A5AF8F3F}.Debug|Any CPU.ActiveCfg = Debug|Any CPU
		{11FC325A-0925-469E-BF72-BAA0A5AF8F3F}.Debug|Any CPU.Build.0 = Debug|Any CPU
		{11FC325A-0925-469E-BF72-BAA0A5AF8F3F}.Release|Any CPU.ActiveCfg = Release|Any CPU
		{11FC325A-0925-469E-BF72-BAA0A5AF8F3F}.Release|Any CPU.Build.0 = Release|Any CPU
		{F7BAC6D3-B71A-4007-994C-58793D439304}.Debug|Any CPU.ActiveCfg = Debug|Any CPU
		{F7BAC6D3-B71A-4007-994C-58793D439304}.Debug|Any CPU.Build.0 = Debug|Any CPU
		{F7BAC6D3-B71A-4007-994C-58793D439304}.Release|Any CPU.ActiveCfg = Release|Any CPU
		{F7BAC6D3-B71A-4007-994C-58793D439304}.Release|Any CPU.Build.0 = Release|Any CPU
	EndGlobalSection
	GlobalSection(SolutionProperties) = preSolution
		HideSolutionNode = FALSE
	EndGlobalSection
	GlobalSection(ExtensibilityGlobals) = postSolution
		SolutionGuid = {9E504C43-E5B0-42A2-A145-9F5712811D86}
	EndGlobalSection
EndGlobal
